
Microsoft Visual Studio Solution File, Format Version 12.00
# Visual Studio Version 17
VisualStudioVersion = 17.5.33414.496
MinimumVisualStudioVersion = 10.0.40219.1
Project("{9A19103F-16F7-4668-BE54-9A1E7A4F7556}") = "ShopOnline.Web", "ShopOnline.Web\ShopOnline.Web.csproj", "{597B90D4-15CE-4F30-B46A-FADC9360CA09}"
EndProject
Project("{9A19103F-16F7-4668-BE54-9A1E7A4F7556}") = "ShopOnline.Api", "ShopOnline.Api\ShopOnline.Api.csproj", "{D8FA0973-A5C1-4549-9CB0-E77191B98BBD}"
EndProject
Project("{FAE04EC0-301F-11D3-BF4B-00C04F79EFBC}") = "ShopOnline.Models", "ShopOnline.Models\ShopOnline.Models.csproj", "{A541D857-BD0A-440A-A2A9-2D125A546383}"
EndProject
Global
	GlobalSection(SolutionConfigurationPlatforms) = preSolution
		Debug|Any CPU = Debug|Any CPU
		Release|Any CPU = Release|Any CPU
	EndGlobalSection
	GlobalSection(ProjectConfigurationPlatforms) = postSolution
		{597B90D4-15CE-4F30-B46A-FADC9360CA09}.Debug|Any CPU.ActiveCfg = Debug|Any CPU
		{597B90D4-15CE-4F30-B46A-FADC9360CA09}.Debug|Any CPU.Build.0 = Debug|Any CPU
		{597B90D4-15CE-4F30-B46A-FADC9360CA09}.Release|Any CPU.ActiveCfg = Release|Any CPU
		{597B90D4-15CE-4F30-B46A-FADC9360CA09}.Release|Any CPU.Build.0 = Release|Any CPU
		{D8FA0973-A5C1-4549-9CB0-E77191B98BBD}.Debug|Any CPU.ActiveCfg = Debug|Any CPU
		{D8FA0973-A5C1-4549-9CB0-E77191B98BBD}.Debug|Any CPU.Build.0 = Debug|Any CPU
		{D8FA0973-A5C1-4549-9CB0-E77191B98BBD}.Release|Any CPU.ActiveCfg = Release|Any CPU
		{D8FA0973-A5C1-4549-9CB0-E77191B98BBD}.Release|Any CPU.Build.0 = Release|Any CPU
		{A541D857-BD0A-440A-A2A9-2D125A546383}.Debug|Any CPU.ActiveCfg = Debug|Any CPU
		{A541D857-BD0A-440A-A2A9-2D125A546383}.Debug|Any CPU.Build.0 = Debug|Any CPU
		{A541D857-BD0A-440A-A2A9-2D125A546383}.Release|Any CPU.ActiveCfg = Release|Any CPU
		{A541D857-BD0A-440A-A2A9-2D125A546383}.Release|Any CPU.Build.0 = Release|Any CPU
	EndGlobalSection
	GlobalSection(SolutionProperties) = preSolution
		HideSolutionNode = FALSE
	EndGlobalSection
	GlobalSection(ExtensibilityGlobals) = postSolution
		SolutionGuid = {BA82E494-492A-4838-87EB-91BF48CC057E}
	EndGlobalSection
EndGlobal
